
Microsoft Visual Studio Solution File, Format Version 12.00
# Visual Studio Version 17
VisualStudioVersion = 17.5.33516.290
MinimumVisualStudioVersion = 10.0.40219.1
Project("{FAE04EC0-301F-11D3-BF4B-00C04F79EFBC}") = "Buisness", "Buisness\Buisness.csproj", "{C644669A-6290-4807-BEE1-29F7F13802C1}"
EndProject
Project("{FAE04EC0-301F-11D3-BF4B-00C04F79EFBC}") = "DataAccess", "DataAccess\DataAccess.csproj", "{9474F9B7-9CC6-42CA-82EF-0AAC647179F2}"
EndProject
Project("{FAE04EC0-301F-11D3-BF4B-00C04F79EFBC}") = "Entities", "Entities\Entities.csproj", "{DDBECBDE-BB9D-4621-8134-C3C399755A9B}"
EndProject
Project("{FAE04EC0-301F-11D3-BF4B-00C04F79EFBC}") = "WebAPI", "WebAPI\WebAPI.csproj", "{06DEF72F-9405-4A35-B5BA-68BB6DCB8D99}"
EndProject
Global
	GlobalSection(SolutionConfigurationPlatforms) = preSolution
		Debug|Any CPU = Debug|Any CPU
		Release|Any CPU = Release|Any CPU
	EndGlobalSection
	GlobalSection(ProjectConfigurationPlatforms) = postSolution
		{C644669A-6290-4807-BEE1-29F7F13802C1}.Debug|Any CPU.ActiveCfg = Debug|Any CPU
		{C644669A-6290-4807-BEE1-29F7F13802C1}.Debug|Any CPU.Build.0 = Debug|Any CPU
		{C644669A-6290-4807-BEE1-29F7F13802C1}.Release|Any CPU.ActiveCfg = Release|Any CPU
		{C644669A-6290-4807-BEE1-29F7F13802C1}.Release|Any CPU.Build.0 = Release|Any CPU
		{9474F9B7-9CC6-42CA-82EF-0AAC647179F2}.Debug|Any CPU.ActiveCfg = Debug|Any CPU
		{9474F9B7-9CC6-42CA-82EF-0AAC647179F2}.Debug|Any CPU.Build.0 = Debug|Any CPU
		{9474F9B7-9CC6-42CA-82EF-0AAC647179F2}.Release|Any CPU.ActiveCfg = Release|Any CPU
		{9474F9B7-9CC6-42CA-82EF-0AAC647179F2}.Release|Any CPU.Build.0 = Release|Any CPU
		{DDBECBDE-BB9D-4621-8134-C3C399755A9B}.Debug|Any CPU.ActiveCfg = Debug|Any CPU
		{DDBECBDE-BB9D-4621-8134-C3C399755A9B}.Debug|Any CPU.Build.0 = Debug|Any CPU
		{DDBECBDE-BB9D-4621-8134-C3C399755A9B}.Release|Any CPU.ActiveCfg = Release|Any CPU
		{DDBECBDE-BB9D-4621-8134-C3C399755A9B}.Release|Any CPU.Build.0 = Release|Any CPU
		{06DEF72F-9405-4A35-B5BA-68BB6DCB8D99}.Debug|Any CPU.ActiveCfg = Debug|Any CPU
		{06DEF72F-9405-4A35-B5BA-68BB6DCB8D99}.Debug|Any CPU.Build.0 = Debug|Any CPU
		{06DEF72F-9405-4A35-B5BA-68BB6DCB8D99}.Release|Any CPU.ActiveCfg = Release|Any CPU
		{06DEF72F-9405-4A35-B5BA-68BB6DCB8D99}.Release|Any CPU.Build.0 = Release|Any CPU
	EndGlobalSection
	GlobalSection(SolutionProperties) = preSolution
		HideSolutionNode = FALSE
	EndGlobalSection
	GlobalSection(ExtensibilityGlobals) = postSolution
		SolutionGuid = {9647736C-6693-4A38-9381-DFCC8A8BB463}
	EndGlobalSection
EndGlobal
