
Microsoft Visual Studio Solution File, Format Version 12.00
# Visual Studio Version 17
VisualStudioVersion = 17.5.33516.290
MinimumVisualStudioVersion = 10.0.40219.1
Project("{FAE04EC0-301F-11D3-BF4B-00C04F79EFBC}") = "SuperLogistic.Domain", "SuperLogistic.Domain\SuperLogistic.Domain.csproj", "{2FAEA2E5-A0B4-4C99-B8BA-8585EDB44B6C}"
EndProject
Project("{FAE04EC0-301F-11D3-BF4B-00C04F79EFBC}") = "SuperLogistic.DataAccess", "SuperLogistic.DataAccess\SuperLogistic.DataAccess.csproj", "{F732169D-B147-4D75-BB5C-D74516159C5F}"
EndProject
Project("{FAE04EC0-301F-11D3-BF4B-00C04F79EFBC}") = "SuperLogistic.API", "SuperLogistic.API\SuperLogistic.API.csproj", "{D6C131B1-A45F-42EF-AAAB-CC5F4FFF9C2F}"
EndProject
Global
	GlobalSection(SolutionConfigurationPlatforms) = preSolution
		Debug|Any CPU = Debug|Any CPU
		Release|Any CPU = Release|Any CPU
	EndGlobalSection
	GlobalSection(ProjectConfigurationPlatforms) = postSolution
		{2FAEA2E5-A0B4-4C99-B8BA-8585EDB44B6C}.Debug|Any CPU.ActiveCfg = Debug|Any CPU
		{2FAEA2E5-A0B4-4C99-B8BA-8585EDB44B6C}.Debug|Any CPU.Build.0 = Debug|Any CPU
		{2FAEA2E5-A0B4-4C99-B8BA-8585EDB44B6C}.Release|Any CPU.ActiveCfg = Release|Any CPU
		{2FAEA2E5-A0B4-4C99-B8BA-8585EDB44B6C}.Release|Any CPU.Build.0 = Release|Any CPU
		{F732169D-B147-4D75-BB5C-D74516159C5F}.Debug|Any CPU.ActiveCfg = Debug|Any CPU
		{F732169D-B147-4D75-BB5C-D74516159C5F}.Debug|Any CPU.Build.0 = Debug|Any CPU
		{F732169D-B147-4D75-BB5C-D74516159C5F}.Release|Any CPU.ActiveCfg = Release|Any CPU
		{F732169D-B147-4D75-BB5C-D74516159C5F}.Release|Any CPU.Build.0 = Release|Any CPU
		{D6C131B1-A45F-42EF-AAAB-CC5F4FFF9C2F}.Debug|Any CPU.ActiveCfg = Debug|Any CPU
		{D6C131B1-A45F-42EF-AAAB-CC5F4FFF9C2F}.Debug|Any CPU.Build.0 = Debug|Any CPU
		{D6C131B1-A45F-42EF-AAAB-CC5F4FFF9C2F}.Release|Any CPU.ActiveCfg = Release|Any CPU
		{D6C131B1-A45F-42EF-AAAB-CC5F4FFF9C2F}.Release|Any CPU.Build.0 = Release|Any CPU
	EndGlobalSection
	GlobalSection(SolutionProperties) = preSolution
		HideSolutionNode = FALSE
	EndGlobalSection
	GlobalSection(ExtensibilityGlobals) = postSolution
		SolutionGuid = {9647736C-6693-4A38-9381-DFCC8A8BB463}
	EndGlobalSection
EndGlobal
